PODS:
  - BEMCheckBox (1.4.1)
  - R.swift (4.0.0):
    - R.swift.Library (~> 4.0.0)
  - R.swift.Library (4.0.0)
  - SwiftLint (0.24.0)

DEPENDENCIES:
  - BEMCheckBox
  - R.swift
  - SwiftLint

SPEC REPOS:
  https://github.com/cocoapods/specs.git:
    - BEMCheckBox
    - R.swift
    - R.swift.Library
    - SwiftLint

SPEC CHECKSUMS:
  BEMCheckBox: 5ba6e37ade3d3657b36caecc35c8b75c6c2b1a4e
  R.swift: d6a5ec2f55a8441dc0ed9f1f8b37d7d11ae85c66
  R.swift.Library: c3af34921024333546e23b70e70d0b4e0cffca75
  SwiftLint: a014c92b4664e8b13f380f8640a51bb1733778ba

PODFILE CHECKSUM: 03bbbd8eb7f2c7a4908c070292ce57c23f8480e3

COCOAPODS: 1.5.3
